
Microsoft Visual Studio Solution File, Format Version 12.00
# Visual Studio 2013
VisualStudioVersion = 12.0.21005.1
MinimumVisualStudioVersion = 10.0.40219.1
Project("{FAE04EC0-301F-11D3-BF4B-00C04F79EFBC}") = "Quiron.LojaVirtual.Dominio", "Quiron.LojaVirtual.Dominio\Quiron.LojaVirtual.Dominio.csproj", "{D7F88065-4888-41FE-9B10-87D4CA8D5A84}"
EndProject
Project("{FAE04EC0-301F-11D3-BF4B-00C04F79EFBC}") = "Quiron.LojaVirtual.Web", "Quiron.LojaVirtual.Web\Quiron.LojaVirtual.Web.csproj", "{E0FD4F52-6920-453F-9C4B-F74E7F689A41}"
EndProject
Project("{FAE04EC0-301F-11D3-BF4B-00C04F79EFBC}") = "Quiron.LojaVirtual.UnitTest", "Quiron.LojaVirtual.UnitTest\Quiron.LojaVirtual.UnitTest.csproj", "{8E4CB591-529D-45FA-9F1F-5D77234B7D22}"
EndProject
Global
	GlobalSection(SolutionConfigurationPlatforms) = preSolution
		Debug|Any CPU = Debug|Any CPU
		Release|Any CPU = Release|Any CPU
	EndGlobalSection
	GlobalSection(ProjectConfigurationPlatforms) = postSolution
		{D7F88065-4888-41FE-9B10-87D4CA8D5A84}.Debug|Any CPU.ActiveCfg = Debug|Any CPU
		{D7F88065-4888-41FE-9B10-87D4CA8D5A84}.Debug|Any CPU.Build.0 = Debug|Any CPU
		{D7F88065-4888-41FE-9B10-87D4CA8D5A84}.Release|Any CPU.ActiveCfg = Release|Any CPU
		{D7F88065-4888-41FE-9B10-87D4CA8D5A84}.Release|Any CPU.Build.0 = Release|Any CPU
		{E0FD4F52-6920-453F-9C4B-F74E7F689A41}.Debug|Any CPU.ActiveCfg = Debug|Any CPU
		{E0FD4F52-6920-453F-9C4B-F74E7F689A41}.Debug|Any CPU.Build.0 = Debug|Any CPU
		{E0FD4F52-6920-453F-9C4B-F74E7F689A41}.Release|Any CPU.ActiveCfg = Release|Any CPU
		{E0FD4F52-6920-453F-9C4B-F74E7F689A41}.Release|Any CPU.Build.0 = Release|Any CPU
		{8E4CB591-529D-45FA-9F1F-5D77234B7D22}.Debug|Any CPU.ActiveCfg = Debug|Any CPU
		{8E4CB591-529D-45FA-9F1F-5D77234B7D22}.Debug|Any CPU.Build.0 = Debug|Any CPU
		{8E4CB591-529D-45FA-9F1F-5D77234B7D22}.Release|Any CPU.ActiveCfg = Release|Any CPU
		{8E4CB591-529D-45FA-9F1F-5D77234B7D22}.Release|Any CPU.Build.0 = Release|Any CPU
	EndGlobalSection
	GlobalSection(SolutionProperties) = preSolution
		HideSolutionNode = FALSE
	EndGlobalSection
EndGlobal
